{
  "name": "assets",
  "version": "1.0.0",
  "lockfileVersion": 1,
  "requires": true,
  "dependencies": {
    "agora-rtc-sdk": {
      "version": "3.2.1",
      "resolved": "https://registry.npmjs.org/agora-rtc-sdk/-/agora-rtc-sdk-3.2.1.tgz",
      "integrity": "sha512-deQBTmN7rDRKFop/opbZrYUIkI4SCOFE4bV0ulf8lbZJj06K1UZI/F/92RbTGiFAscFFE0gGWNzG4ZlKmOsMCA=="
    }
  }
}
